lockfileVersion: '9.0'

settings:
  autoInstallPeers: true
  excludeLinksFromLockfile: false

importers:

  .:
    devDependencies:
      '@biomejs/biome':
        specifier: 1.9.4
        version: 1.9.4
      prettier:
        specifier: ^3.5.0
        version: 3.5.0
      turbo:
        specifier: ^2.4.1
        version: 2.4.1
      typescript:
        specifier: 5.7.3
        version: 5.7.3

  packages/typescript-config: {}

packages:

  '@biomejs/biome@1.9.4':
    resolution: {integrity: sha512-1rkd7G70+o9KkTn5KLmDYXihGoTaIGO9PIIN2ZB7UJxFrWw04CZHPYiMRjYsaDvVV7hP1dYNRLxSANLaBFGpog==}
    engines: {node: '>=14.21.3'}
    hasBin: true

  '@biomejs/cli-darwin-arm64@1.9.4':
    resolution: {integrity: sha512-bFBsPWrNvkdKrNCYeAp+xo2HecOGPAy9WyNyB/jKnnedgzl4W4Hb9ZMzYNbf8dMCGmUdSavlYHiR01QaYR58cw==}
    engines: {node: '>=14.21.3'}
    cpu: [arm64]
    os: [darwin]

  '@biomejs/cli-darwin-x64@1.9.4':
    resolution: {integrity: sha512-ngYBh/+bEedqkSevPVhLP4QfVPCpb+4BBe2p7Xs32dBgs7rh9nY2AIYUL6BgLw1JVXV8GlpKmb/hNiuIxfPfZg==}
    engines: {node: '>=14.21.3'}
    cpu: [x64]
    os: [darwin]

  '@biomejs/cli-linux-arm64-musl@1.9.4':
    resolution: {integrity: sha512-v665Ct9WCRjGa8+kTr0CzApU0+XXtRgwmzIf1SeKSGAv+2scAlW6JR5PMFo6FzqqZ64Po79cKODKf3/AAmECqA==}
    engines: {node: '>=14.21.3'}
    cpu: [arm64]
    os: [linux]

  '@biomejs/cli-linux-arm64@1.9.4':
    resolution: {integrity: sha512-fJIW0+LYujdjUgJJuwesP4EjIBl/N/TcOX3IvIHJQNsAqvV2CHIogsmA94BPG6jZATS4Hi+xv4SkBBQSt1N4/g==}
    engines: {node: '>=14.21.3'}
    cpu: [arm64]
    os: [linux]

  '@biomejs/cli-linux-x64-musl@1.9.4':
    resolution: {integrity: sha512-gEhi/jSBhZ2m6wjV530Yy8+fNqG8PAinM3oV7CyO+6c3CEh16Eizm21uHVsyVBEB6RIM8JHIl6AGYCv6Q6Q9Tg==}
    engines: {node: '>=14.21.3'}
    cpu: [x64]
    os: [linux]

  '@biomejs/cli-linux-x64@1.9.4':
    resolution: {integrity: sha512-lRCJv/Vi3Vlwmbd6K+oQ0KhLHMAysN8lXoCI7XeHlxaajk06u7G+UsFSO01NAs5iYuWKmVZjmiOzJ0OJmGsMwg==}
    engines: {node: '>=14.21.3'}
    cpu: [x64]
    os: [linux]

  '@biomejs/cli-win32-arm64@1.9.4':
    resolution: {integrity: sha512-tlbhLk+WXZmgwoIKwHIHEBZUwxml7bRJgk0X2sPyNR3S93cdRq6XulAZRQJ17FYGGzWne0fgrXBKpl7l4M87Hg==}
    engines: {node: '>=14.21.3'}
    cpu: [arm64]
    os: [win32]

  '@biomejs/cli-win32-x64@1.9.4':
    resolution: {integrity: sha512-8Y5wMhVIPaWe6jw2H+KlEm4wP/f7EW3810ZLmDlrEEy5KvBsb9ECEfu/kMWD484ijfQ8+nIi0giMgu9g1UAuuA==}
    engines: {node: '>=14.21.3'}
    cpu: [x64]
    os: [win32]

  prettier@3.5.0:
    resolution: {integrity: sha512-quyMrVt6svPS7CjQ9gKb3GLEX/rl3BCL2oa/QkNcXv4YNVBC9olt3s+H7ukto06q7B1Qz46PbrKLO34PR6vXcA==}
    engines: {node: '>=14'}
    hasBin: true

  turbo-darwin-64@2.4.1:
    resolution: {integrity: sha512-oos3Gz5N6ol2/7+ys0wPENhl7ZzeVKIumn2BR7X2oE5dEPxNPDMOpKBwreU9ToCxM94e+uFTzKgjcUJpBqpTHA==}
    cpu: [x64]
    os: [darwin]

  turbo-darwin-arm64@2.4.1:
    resolution: {integrity: sha512-NoIQsSSvCJDTShgX+v+doSP/g0kAhHhq5p2fpsEAlougs2wcQvwv/LndeqojzkHbxB39lOQmqBYHJcki46Q3oQ==}
    cpu: [arm64]
    os: [darwin]

  turbo-linux-64@2.4.1:
    resolution: {integrity: sha512-iXIeG8YhluaJF/5KQEudRf8ECBWND8X0yxXDrFIq2wmLLCg4A7gSSzVcBq30rYYeyyU4xMj/sm3HbsAaao3jjg==}
    cpu: [x64]
    os: [linux]

  turbo-linux-arm64@2.4.1:
    resolution: {integrity: sha512-jd5apBV7lBGn3CnkQN/hEMbwazNgZcrwLt6DIkWy/TSi5xfSQEqcR3k9HxviQ7hKMcr1Q1hN6FHWm8Vw90Ej4A==}
    cpu: [arm64]
    os: [linux]

  turbo-windows-64@2.4.1:
    resolution: {integrity: sha512-4RYRAijohyQ7uetZY4SSikSgGccq+7tmnljdm/XezpK9t0+3gldKA2vHF0++yLZeZr+CFgqmBeGSFi7B+vhc2g==}
    cpu: [x64]
    os: [win32]

  turbo-windows-arm64@2.4.1:
    resolution: {integrity: sha512-4lZB0+AxWB01Adx5xHZhO746FgaHR0T3qzEDF2nf/nx8LAUtN3iwaZQgAsTsblaAKjiM7lxWDI0s/Q3fektsPg==}
    cpu: [arm64]
    os: [win32]

  turbo@2.4.1:
    resolution: {integrity: sha512-XIIHXAhvD3sv34WLaN/969WTHCHYmm3zf0XQ+CrEP1A7ffIQG50cwNcp7Gh96CaGyjEXMh9odoHyggoZQ3Prvw==}
    hasBin: true

  typescript@5.7.3:
    resolution: {integrity: sha512-84MVSjMEHP+FQRPy3pX9sTVV/INIex71s9TL2Gm5FG/WG1SqXeKyZ0k7/blY/4FdOzI12CBy1vGc4og/eus0fw==}
    engines: {node: '>=14.17'}

snapshots:

  '@biomejs/biome@1.9.4':
    optionalDependencies:
      '@biomejs/cli-darwin-arm64': 1.9.4
      '@biomejs/cli-darwin-x64': 1.9.4
      '@biomejs/cli-linux-arm64': 1.9.4
      '@biomejs/cli-linux-arm64-musl': 1.9.4
      '@biomejs/cli-linux-x64': 1.9.4
      '@biomejs/cli-linux-x64-musl': 1.9.4
      '@biomejs/cli-win32-arm64': 1.9.4
      '@biomejs/cli-win32-x64': 1.9.4

  '@biomejs/cli-darwin-arm64@1.9.4':
    optional: true

  '@biomejs/cli-darwin-x64@1.9.4':
    optional: true

  '@biomejs/cli-linux-arm64-musl@1.9.4':
    optional: true

  '@biomejs/cli-linux-arm64@1.9.4':
    optional: true

  '@biomejs/cli-linux-x64-musl@1.9.4':
    optional: true

  '@biomejs/cli-linux-x64@1.9.4':
    optional: true

  '@biomejs/cli-win32-arm64@1.9.4':
    optional: true

  '@biomejs/cli-win32-x64@1.9.4':
    optional: true

  prettier@3.5.0: {}

  turbo-darwin-64@2.4.1:
    optional: true

  turbo-darwin-arm64@2.4.1:
    optional: true

  turbo-linux-64@2.4.1:
    optional: true

  turbo-linux-arm64@2.4.1:
    optional: true

  turbo-windows-64@2.4.1:
    optional: true

  turbo-windows-arm64@2.4.1:
    optional: true

  turbo@2.4.1:
    optionalDependencies:
      turbo-darwin-64: 2.4.1
      turbo-darwin-arm64: 2.4.1
      turbo-linux-64: 2.4.1
      turbo-linux-arm64: 2.4.1
      turbo-windows-64: 2.4.1
      turbo-windows-arm64: 2.4.1

  typescript@5.7.3: {}
